// !$*UTF8*$!
{
	archiveVersion = 1;
	classes = {
	};
	objectVersion = 46;
	objects = {

/* Begin PBXBuildFile section */
		B9E6E3411D59D018004C957B /* main.m in Sources */ = {isa = PBXBuildFile; fileRef = B9E6E3401D59D018004C957B /* main.m */; };
		B9E6E3441D59D018004C957B /* AppDelegate.m in Sources */ = {isa = PBXBuildFile; fileRef = B9E6E3431D59D018004C957B /* AppDelegate.m */; };
		B9E6E3471D59D018004C957B /* ViewController.m in Sources */ = {isa = PBXBuildFile; fileRef = B9E6E3461D59D018004C957B /* ViewController.m */; };
		B9E6E34A1D59D018004C957B /* Main.storyboard in Resources */ = {isa = PBXBuildFile; fileRef = B9E6E3481D59D018004C957B /* Main.storyboard */; };
		B9E6E34C1D59D018004C957B /* Assets.xcassets in Resources */ = {isa = PBXBuildFile; fileRef = B9E6E34B1D59D018004C957B /* Assets.xcassets */; };
		B9E6E34F1D59D018004C957B /* LaunchScreen.storyboard in Resources */ = {isa = PBXBuildFile; fileRef = B9E6E34D1D59D018004C957B /* LaunchScreen.storyboard */; };
		B9E6E35A1D59D018004C957B /* HQYViewControllerTests.m in Sources */ = {isa = PBXBuildFile; fileRef = B9E6E3591D59D018004C957B /* HQYViewControllerTests.m */; };
		B9E6E3651D59D018004C957B /* HQYViewControllerUITests.m in Sources */ = {isa = PBXBuildFile; fileRef = B9E6E3641D59D018004C957B /* HQYViewControllerUITests.m */; };
		B9E6E3741D59DAC5004C957B /* HQYViewController.m in Sources */ = {isa = PBXBuildFile; fileRef = B9E6E3731D59DAC5004C957B /* HQYViewController.m */; };
/* End PBXBuildFile section */

/* Begin PBXContainerItemProxy section */
		B9E6E3561D59D018004C957B /* PBXContainerItemProxy */ = {
			isa = PBXContainerItemProxy;
			containerPortal = B9E6E3341D59D018004C957B /* Project object */;
			proxyType = 1;
			remoteGlobalIDString = B9E6E33B1D59D018004C957B;
			remoteInfo = HQYViewController;
		};
		B9E6E3611D59D018004C957B /* PBXContainerItemProxy */ = {
			isa = PBXContainerItemProxy;
			containerPortal = B9E6E3341D59D018004C957B /* Project object */;
			proxyType = 1;
			remoteGlobalIDString = B9E6E33B1D59D018004C957B;
			remoteInfo = HQYViewController;
		};
/* End PBXContainerItemProxy section */

/* Begin PBXFileReference section */
		B9E6E33C1D59D018004C957B /* HQYViewController.app */ = {isa = PBXFileReference; explicitFileType = wrapper.application; includeInIndex = 0; path = HQYViewController.app; sourceTree = BUILT_PRODUCTS_DIR; };
		B9E6E3401D59D018004C957B /* main.m */ = {isa = PBXFileReference; lastKnownFileType = sourcecode.c.objc; path = main.m; sourceTree = "<group>"; };
		B9E6E3421D59D018004C957B /* AppDelegate.h */ = {isa = PBXFileReference; lastKnownFileType = sourcecode.c.h; path = AppDelegate.h; sourceTree = "<group>"; };
		B9E6E3431D59D018004C957B /* AppDelegate.m */ = {isa = PBXFileReference; lastKnownFileType = sourcecode.c.objc; path = AppDelegate.m; sourceTree = "<group>"; };
		B9E6E3451D59D018004C957B /* ViewController.h */ = {isa = PBXFileReference; lastKnownFileType = sourcecode.c.h; path = ViewController.h; sourceTree = "<group>"; };
		B9E6E3461D59D018004C957B /* ViewController.m */ = {isa = PBXFileReference; lastKnownFileType = sourcecode.c.objc; path = ViewController.m; sourceTree = "<group>"; };
		B9E6E3491D59D018004C957B /* Base */ = {isa = PBXFileReference; lastKnownFileType = file.storyboard; name = Base; path = Base.lproj/Main.storyboard; sourceTree = "<group>"; };
		B9E6E34B1D59D018004C957B /* Assets.xcassets */ = {isa = PBXFileReference; lastKnownFileType = folder.assetcatalog; path = Assets.xcassets; sourceTree = "<group>"; };
		B9E6E34E1D59D018004C957B /* Base */ = {isa = PBXFileReference; lastKnownFileType = file.storyboard; name = Base; path = Base.lproj/LaunchScreen.storyboard; sourceTree = "<group>"; };
		B9E6E3501D59D018004C957B /* Info.plist */ = {isa = PBXFileReference; lastKnownFileType = text.plist.xml; path = Info.plist; sourceTree = "<group>"; };
		B9E6E3551D59D018004C957B /* HQYViewControllerTests.xctest */ = {isa = PBXFileReference; explicitFileType = wrapper.cfbundle; includeInIndex = 0; path = HQYViewControllerTests.xctest; sourceTree = BUILT_PRODUCTS_DIR; };
		B9E6E3591D59D018004C957B /* HQYViewControllerTests.m */ = {isa = PBXFileReference; lastKnownFileType = sourcecode.c.objc; path = HQYViewControllerTests.m; sourceTree = "<group>"; };
		B9E6E35B1D59D018004C957B /* Info.plist */ = {isa = PBXFileReference; lastKnownFileType = text.plist.xml; path = Info.plist; sourceTree = "<group>"; };
		B9E6E3601D59D018004C957B /* HQYViewControllerUITests.xctest */ = {isa = PBXFileReference; explicitFileType = wrapper.cfbundle; includeInIndex = 0; path = HQYViewControllerUITests.xctest; sourceTree = BUILT_PRODUCTS_DIR; };
		B9E6E3641D59D018004C957B /* HQYViewControllerUITests.m */ = {isa = PBXFileReference; lastKnownFileType = sourcecode.c.objc; path = HQYViewControllerUITests.m; sourceTree = "<group>"; };
		B9E6E3661D59D018004C957B /* Info.plist */ = {isa = PBXFileReference; lastKnownFileType = text.plist.xml; path = Info.plist; sourceTree = "<group>"; };
		B9E6E3721D59DAC5004C957B /* HQYViewController.h */ = {isa = PBXFileReference; fileEncoding = 4; lastKnownFileType = sourcecode.c.h; path = HQYViewController.h; sourceTree = "<group>"; };
		B9E6E3731D59DAC5004C957B /* HQYViewController.m */ = {isa = PBXFileReference; fileEncoding = 4; lastKnownFileType = sourcecode.c.objc; path = HQYViewController.m; sourceTree = "<group>"; };
/* End PBXFileReference section */

/* Begin PBXFrameworksBuildPhase section */
		B9E6E3391D59D018004C957B /* Frameworks */ = {
			isa = PBXFrameworksBuildPhase;
			buildActionMask = 2147483647;
			files = (
			);
			runOnlyForDeploymentPostprocessing = 0;
		};
		B9E6E3521D59D018004C957B /* Frameworks */ = {
			isa = PBXFrameworksBuildPhase;
			buildActionMask = 2147483647;
			files = (
			);
			runOnlyForDeploymentPostprocessing = 0;
		};
		B9E6E35D1D59D018004C957B /* Frameworks */ = {
			isa = PBXFrameworksBuildPhase;
			buildActionMask = 2147483647;
			files = (
			);
			runOnlyForDeploymentPostprocessing = 0;
		};
/* End PBXFrameworksBuildPhase section */

/* Begin PBXGroup section */
		B9E6E3331D59D018004C957B = {
			isa = PBXGroup;
			children = (
				B9E6E33E1D59D018004C957B /* HQYViewController */,
				B9E6E3581D59D018004C957B /* HQYViewControllerTests */,
				B9E6E3631D59D018004C957B /* HQYViewControllerUITests */,
				B9E6E33D1D59D018004C957B /* Products */,
			);
			sourceTree = "<group>";
		};
		B9E6E33D1D59D018004C957B /* Products */ = {
			isa = PBXGroup;
			children = (
				B9E6E33C1D59D018004C957B /* HQYViewController.app */,
				B9E6E3551D59D018004C957B /* HQYViewControllerTests.xctest */,
				B9E6E3601D59D018004C957B /* HQYViewControllerUITests.xctest */,
			);
			name = Products;
			sourceTree = "<group>";
		};
		B9E6E33E1D59D018004C957B /* HQYViewController */ = {
			isa = PBXGroup;
			children = (
				B9E6E3421D59D018004C957B /* AppDelegate.h */,
				B9E6E3431D59D018004C957B /* AppDelegate.m */,
				B9E6E3451D59D018004C957B /* ViewController.h */,
				B9E6E3461D59D018004C957B /* ViewController.m */,
				B9E6E3721D59DAC5004C957B /* HQYViewController.h */,
				B9E6E3731D59DAC5004C957B /* HQYViewController.m */,
				B9E6E33F1D59D018004C957B /* Supporting Files */,
			);
			path = HQYViewController;
			sourceTree = "<group>";
		};
		B9E6E33F1D59D018004C957B /* Supporting Files */ = {
			isa = PBXGroup;
			children = (
				B9E6E3481D59D018004C957B /* Main.storyboard */,
				B9E6E34B1D59D018004C957B /* Assets.xcassets */,
				B9E6E34D1D59D018004C957B /* LaunchScreen.storyboard */,
				B9E6E3501D59D018004C957B /* Info.plist */,
				B9E6E3401D59D018004C957B /* main.m */,
			);
			name = "Supporting Files";
			sourceTree = "<group>";
		};
		B9E6E3581D59D018004C957B /* HQYViewControllerTests */ = {
			isa = PBXGroup;
			children = (
				B9E6E3591D59D018004C957B /* HQYViewControllerTests.m */,
				B9E6E35B1D59D018004C957B /* Info.plist */,
			);
			path = HQYViewControllerTests;
			sourceTree = "<group>";
		};
		B9E6E3631D59D018004C957B /* HQYViewControllerUITests */ = {
			isa = PBXGroup;
			children = (
				B9E6E3641D59D018004C957B /* HQYViewControllerUITests.m */,
				B9E6E3661D59D018004C957B /* Info.plist */,
			);
			path = HQYViewControllerUITests;
			sourceTree = "<group>";
		};
/* End PBXGroup section */

/* Begin PBXNativeTarget section */
		B9E6E33B1D59D018004C957B /* HQYViewController */ = {
			isa = PBXNativeTarget;
			buildConfigurationList = B9E6E3691D59D018004C957B /* Build configuration list for PBXNativeTarget "HQYViewController" */;
			buildPhases = (
				B9E6E3381D59D018004C957B /* Sources */,
				B9E6E3391D59D018004C957B /* Frameworks */,
				B9E6E33A1D59D018004C957B /* Resources */,
			);
			buildRules = (
			);
			dependencies = (
			);
			name = HQYViewController;
			productName = HQYViewController;
			productReference = B9E6E33C1D59D018004C957B /* HQYViewController.app */;
			productType = "com.apple.product-type.application";
		};
		B9E6E3541D59D018004C957B /* HQYViewControllerTests */ = {
			isa = PBXNativeTarget;
			buildConfigurationList = B9E6E36C1D59D018004C957B /* Build configuration list for PBXNativeTarget "HQYViewControllerTests" */;
			buildPhases = (
				B9E6E3511D59D018004C957B /* Sources */,
				B9E6E3521D59D018004C957B /* Frameworks */,
				B9E6E3531D59D018004C957B /* Resources */,
			);
			buildRules = (
			);
			dependencies = (
				B9E6E3571D59D018004C957B /* PBXTargetDependency */,
			);
			name = HQYViewControllerTests;
			productName = HQYViewControllerTests;
			productReference = B9E6E3551D59D018004C957B /* HQYViewControllerTests.xctest */;
			productType = "com.apple.product-type.bundle.unit-test";
		};
		B9E6E35F1D59D018004C957B /* HQYViewControllerUITests */ = {
			isa = PBXNativeTarget;
			buildConfigurationList = B9E6E36F1D59D018004C957B /* Build configuration list for PBXNativeTarget "HQYViewControllerUITests" */;
			buildPhases = (
				B9E6E35C1D59D018004C957B /* Sources */,
				B9E6E35D1D59D018004C957B /* Frameworks */,
				B9E6E35E1D59D018004C957B /* Resources */,
			);
			buildRules = (
			);
			dependencies = (
				B9E6E3621D59D018004C957B /* PBXTargetDependency */,
			);
			name = HQYViewControllerUITests;
			productName = HQYViewControllerUITests;
			productReference = B9E6E3601D59D018004C957B /* HQYViewControllerUITests.xctest */;
			productType = "com.apple.product-type.bundle.ui-testing";
		};
/* End PBXNativeTarget section */

/* Begin PBXProject section */
		B9E6E3341D59D018004C957B /* Project object */ = {
			isa = PBXProject;
			attributes = {
				LastUpgradeCheck = 0720;
				ORGANIZATIONNAME = "江城程序猿";
				TargetAttributes = {
					B9E6E33B1D59D018004C957B = {
						CreatedOnToolsVersion = 7.2;
					};
					B9E6E3541D59D018004C957B = {
						CreatedOnToolsVersion = 7.2;
						TestTargetID = B9E6E33B1D59D018004C957B;
					};
					B9E6E35F1D59D018004C957B = {
						CreatedOnToolsVersion = 7.2;
						TestTargetID = B9E6E33B1D59D018004C957B;
					};
				};
			};
			buildConfigurationList = B9E6E3371D59D018004C957B /* Build configuration list for PBXProject "HQYViewController" */;
			compatibilityVersion = "Xcode 3.2";
			developmentRegion = English;
			hasScannedForEncodings = 0;
			knownRegions = (
				en,
				Base,
			);
			mainGroup = B9E6E3331D59D018004C957B;
			productRefGroup = B9E6E33D1D59D018004C957B /* Products */;
			projectDirPath = "";
			projectRoot = "";
			targets = (
				B9E6E33B1D59D018004C957B /* HQYViewController */,
				B9E6E3541D59D018004C957B /* HQYViewControllerTests */,
				B9E6E35F1D59D018004C957B /* HQYViewControllerUITests */,
			);
		};
/* End PBXProject section */

/* Begin PBXResourcesBuildPhase section */
		B9E6E33A1D59D018004C957B /* Resources */ = {
			isa = PBXResourcesBuildPhase;
			buildActionMask = 2147483647;
			files = (
				B9E6E34F1D59D018004C957B /* LaunchScreen.storyboard in Resources */,
				B9E6E34C1D59D018004C957B /* Assets.xcassets in Resources */,
				B9E6E34A1D59D018004C957B /* Main.storyboard in Resources */,
			);
			runOnlyForDeploymentPostprocessing = 0;
		};
		B9E6E3531D59D018004C957B /* Resources */ = {
			isa = PBXResourcesBuildPhase;
			buildActionMask = 2147483647;
			files = (
			);
			runOnlyForDeploymentPostprocessing = 0;
		};
		B9E6E35E1D59D018004C957B /* Resources */ = {
			isa = PBXResourcesBuildPhase;
			buildActionMask = 2147483647;
			files = (
			);
			runOnlyForDeploymentPostprocessing = 0;
		};
/* End PBXResourcesBuildPhase section */

/* Begin PBXSourcesBuildPhase section */
		B9E6E3381D59D018004C957B /* Sources */ = {
			isa = PBXSourcesBuildPhase;
			buildActionMask = 2147483647;
			files = (
				B9E6E3471D59D018004C957B /* ViewController.m in Sources */,
				B9E6E3441D59D018004C957B /* AppDelegate.m in Sources */,
				B9E6E3411D59D018004C957B /* main.m in Sources */,
				B9E6E3741D59DAC5004C957B /* HQYViewController.m in Sources */,
			);
			runOnlyForDeploymentPostprocessing = 0;
		};
		B9E6E3511D59D018004C957B /* Sources */ = {
			isa = PBXSourcesBuildPhase;
			buildActionMask = 2147483647;
			files = (
				B9E6E35A1D59D018004C957B /* HQYViewControllerTests.m in Sources */,
			);
			runOnlyForDeploymentPostprocessing = 0;
		};
		B9E6E35C1D59D018004C957B /* Sources */ = {
			isa = PBXSourcesBuildPhase;
			buildActionMask = 2147483647;
			files = (
				B9E6E3651D59D018004C957B /* HQYViewControllerUITests.m in Sources */,
			);
			runOnlyForDeploymentPostprocessing = 0;
		};
/* End PBXSourcesBuildPhase section */

/* Begin PBXTargetDependency section */
		B9E6E3571D59D018004C957B /* PBXTargetDependency */ = {
			isa = PBXTargetDependency;
			target = B9E6E33B1D59D018004C957B /* HQYViewController */;
			targetProxy = B9E6E3561D59D018004C957B /* PBXContainerItemProxy */;
		};
		B9E6E3621D59D018004C957B /* PBXTargetDependency */ = {
			isa = PBXTargetDependency;
			target = B9E6E33B1D59D018004C957B /* HQYViewController */;
			targetProxy = B9E6E3611D59D018004C957B /* PBXContainerItemProxy */;
		};
/* End PBXTargetDependency section */

/* Begin PBXVariantGroup section */
		B9E6E3481D59D018004C957B /* Main.storyboard */ = {
			isa = PBXVariantGroup;
			children = (
				B9E6E3491D59D018004C957B /* Base */,
			);
			name = Main.storyboard;
			sourceTree = "<group>";
		};
		B9E6E34D1D59D018004C957B /* LaunchScreen.storyboard */ = {
			isa = PBXVariantGroup;
			children = (
				B9E6E34E1D59D018004C957B /* Base */,
			);
			name = LaunchScreen.storyboard;
			sourceTree = "<group>";
		};
/* End PBXVariantGroup section */

/* Begin XCBuildConfiguration section */
		B9E6E3671D59D018004C957B /* Debug */ = {
			isa = XCBuildConfiguration;
			buildSettings = {
				ALWAYS_SEARCH_USER_PATHS = NO;
				CLANG_CXX_LANGUAGE_STANDARD = "gnu++0x";
				CLANG_CXX_LIBRARY = "libc++";
				CLANG_ENABLE_MODULES = YES;
				CLANG_ENABLE_OBJC_ARC = YES;
				CLANG_WARN_BOOL_CONVERSION = YES;
				CLANG_WARN_CONSTANT_CONVERSION = YES;
				CLANG_WARN_DIRECT_OBJC_ISA_USAGE = YES_ERROR;
				CLANG_WARN_EMPTY_BODY = YES;
				CLANG_WARN_ENUM_CONVERSION = YES;
				CLANG_WARN_INT_CONVERSION = YES;
				CLANG_WARN_OBJC_ROOT_CLASS = YES_ERROR;
				CLANG_WARN_UNREACHABLE_CODE = YES;
				CLANG_WARN__DUPLICATE_METHOD_MATCH = YES;
				"CODE_SIGN_IDENTITY[sdk=iphoneos*]" = "iPhone Developer";
				COPY_PHASE_STRIP = NO;
				DEBUG_INFORMATION_FORMAT = dwarf;
				ENABLE_STRICT_OBJC_MSGSEND = YES;
				ENABLE_TESTABILITY = YES;
				GCC_C_LANGUAGE_STANDARD = gnu99;
				GCC_DYNAMIC_NO_PIC = NO;
				GCC_NO_COMMON_BLOCKS = YES;
				GCC_OPTIMIZATION_LEVEL = 0;
				GCC_PREPROCESSOR_DEFINITIONS = (
					"DEBUG=1",
					"$(inherited)",
				);
				GCC_WARN_64_TO_32_BIT_CONVERSION = YES;
				GCC_WARN_ABOUT_RETURN_TYPE = YES_ERROR;
				GCC_WARN_UNDECLARED_SELECTOR = YES;
				GCC_WARN_UNINITIALIZED_AUTOS = YES_AGGRESSIVE;
				GCC_WARN_UNUSED_FUNCTION = YES;
				GCC_WARN_UNUSED_VARIABLE = YES;
				IPHONEOS_DEPLOYMENT_TARGET = 9.2;
				MTL_ENABLE_DEBUG_INFO = YES;
				ONLY_ACTIVE_ARCH = YES;
				SDKROOT = iphoneos;
				TARGETED_DEVICE_FAMILY = "1,2";
			};
			name = Debug;
		};
		B9E6E3681D59D018004C957B /* Release */ = {
			isa = XCBuildConfiguration;
			buildSettings = {
				ALWAYS_SEARCH_USER_PATHS = NO;
				CLANG_CXX_LANGUAGE_STANDARD = "gnu++0x";
				CLANG_CXX_LIBRARY = "libc++";
				CLANG_ENABLE_MODULES = YES;
				CLANG_ENABLE_OBJC_ARC = YES;
				CLANG_WARN_BOOL_CONVERSION = YES;
				CLANG_WARN_CONSTANT_CONVERSION = YES;
				CLANG_WARN_DIRECT_OBJC_ISA_USAGE = YES_ERROR;
				CLANG_WARN_EMPTY_BODY = YES;
				CLANG_WARN_ENUM_CONVERSION = YES;
				CLANG_WARN_INT_CONVERSION = YES;
				CLANG_WARN_OBJC_ROOT_CLASS = YES_ERROR;
				CLANG_WARN_UNREACHABLE_CODE = YES;
				CLANG_WARN__DUPLICATE_METHOD_MATCH = YES;
				"CODE_SIGN_IDENTITY[sdk=iphoneos*]" = "iPhone Developer";
				COPY_PHASE_STRIP = NO;
				DEBUG_INFORMATION_FORMAT = "dwarf-with-dsym";
				ENABLE_NS_ASSERTIONS = NO;
				ENABLE_STRICT_OBJC_MSGSEND = YES;
				GCC_C_LANGUAGE_STANDARD = gnu99;
				GCC_NO_COMMON_BLOCKS = YES;
				GCC_WARN_64_TO_32_BIT_CONVERSION = YES;
				GCC_WARN_ABOUT_RETURN_TYPE = YES_ERROR;
				GCC_WARN_UNDECLARED_SELECTOR = YES;
				GCC_WARN_UNINITIALIZED_AUTOS = YES_AGGRESSIVE;
				GCC_WARN_UNUSED_FUNCTION = YES;
				GCC_WARN_UNUSED_VARIABLE = YES;
				IPHONEOS_DEPLOYMENT_TARGET = 9.2;
				MTL_ENABLE_DEBUG_INFO = NO;
				SDKROOT = iphoneos;
				TARGETED_DEVICE_FAMILY = "1,2";
				VALIDATE_PRODUCT = YES;
			};
			name = Release;
		};
		B9E6E36A1D59D018004C957B /* Debug */ = {
			isa = XCBuildConfiguration;
			buildSettings = {
				ASSETCATALOG_COMPILER_APPICON_NAME = AppIcon;
				INFOPLIST_FILE = HQYViewController/Info.plist;
				LD_RUNPATH_SEARCH_PATHS = "$(inherited) @executable_path/Frameworks";
				PRODUCT_BUNDLE_IDENTIFIER = www.heqingyun.com.HQYViewController;
				PRODUCT_NAME = "$(TARGET_NAME)";
			};
			name = Debug;
		};
		B9E6E36B1D59D018004C957B /* Release */ = {
			isa = XCBuildConfiguration;
			buildSettings = {
				ASSETCATALOG_COMPILER_APPICON_NAME = AppIcon;
				INFOPLIST_FILE = HQYViewController/Info.plist;
				LD_RUNPATH_SEARCH_PATHS = "$(inherited) @executable_path/Frameworks";
				PRODUCT_BUNDLE_IDENTIFIER = www.heqingyun.com.HQYViewController;
				PRODUCT_NAME = "$(TARGET_NAME)";
			};
			name = Release;
		};
		B9E6E36D1D59D018004C957B /* Debug */ = {
			isa = XCBuildConfiguration;
			buildSettings = {
				BUNDLE_LOADER = "$(TEST_HOST)";
				INFOPLIST_FILE = HQYViewControllerTests/Info.plist;
				LD_RUNPATH_SEARCH_PATHS = "$(inherited) @executable_path/Frameworks @loader_path/Frameworks";
				PRODUCT_BUNDLE_IDENTIFIER = www.heqingyun.com.HQYViewControllerTests;
				PRODUCT_NAME = "$(TARGET_NAME)";
				TEST_HOST = "$(BUILT_PRODUCTS_DIR)/HQYViewController.app/HQYViewController";
			};
			name = Debug;
		};
		B9E6E36E1D59D018004C957B /* Release */ = {
			isa = XCBuildConfiguration;
			buildSettings = {
				BUNDLE_LOADER = "$(TEST_HOST)";
				INFOPLIST_FILE = HQYViewControllerTests/Info.plist;
				LD_RUNPATH_SEARCH_PATHS = "$(inherited) @executable_path/Frameworks @loader_path/Frameworks";
				PRODUCT_BUNDLE_IDENTIFIER = www.heqingyun.com.HQYViewControllerTests;
				PRODUCT_NAME = "$(TARGET_NAME)";
				TEST_HOST = "$(BUILT_PRODUCTS_DIR)/HQYViewController.app/HQYViewController";
			};
			name = Release;
		};
		B9E6E3701D59D018004C957B /* Debug */ = {
			isa = XCBuildConfiguration;
			buildSettings = {
				INFOPLIST_FILE = HQYViewControllerUITests/Info.plist;
				LD_RUNPATH_SEARCH_PATHS = "$(inherited) @executable_path/Frameworks @loader_path/Frameworks";
				PRODUCT_BUNDLE_IDENTIFIER = www.heqingyun.com.HQYViewControllerUITests;
				PRODUCT_NAME = "$(TARGET_NAME)";
				TEST_TARGET_NAME = HQYViewController;
				USES_XCTRUNNER = YES;
			};
			name = Debug;
		};
		B9E6E3711D59D018004C957B /* Release */ = {
			isa = XCBuildConfiguration;
			buildSettings = {
				INFOPLIST_FILE = HQYViewControllerUITests/Info.plist;
				LD_RUNPATH_SEARCH_PATHS = "$(inherited) @executable_path/Frameworks @loader_path/Frameworks";
				PRODUCT_BUNDLE_IDENTIFIER = www.heqingyun.com.HQYViewControllerUITests;
				PRODUCT_NAME = "$(TARGET_NAME)";
				TEST_TARGET_NAME = HQYViewController;
				USES_XCTRUNNER = YES;
			};
			name = Release;
		};
/* End XCBuildConfiguration section */

/* Begin XCConfigurationList section */
		B9E6E3371D59D018004C957B /* Build configuration list for PBXProject "HQYViewController" */ = {
			isa = XCConfigurationList;
			buildConfigurations = (
				B9E6E3671D59D018004C957B /* Debug */,
				B9E6E3681D59D018004C957B /* Release */,
			);
			defaultConfigurationIsVisible = 0;
			defaultConfigurationName = Release;
		};
		B9E6E3691D59D018004C957B /* Build configuration list for PBXNativeTarget "HQYViewController" */ = {
			isa = XCConfigurationList;
			buildConfigurations = (
				B9E6E36A1D59D018004C957B /* Debug */,
				B9E6E36B1D59D018004C957B /* Release */,
			);
			defaultConfigurationIsVisible = 0;
		};
		B9E6E36C1D59D018004C957B /* Build configuration list for PBXNativeTarget "HQYViewControllerTests" */ = {
			isa = XCConfigurationList;
			buildConfigurations = (
				B9E6E36D1D59D018004C957B /* Debug */,
				B9E6E36E1D59D018004C957B /* Release */,
			);
			defaultConfigurationIsVisible = 0;
		};
		B9E6E36F1D59D018004C957B /* Build configuration list for PBXNativeTarget "HQYViewControllerUITests" */ = {
			isa = XCConfigurationList;
			buildConfigurations = (
				B9E6E3701D59D018004C957B /* Debug */,
				B9E6E3711D59D018004C957B /* Release */,
			);
			defaultConfigurationIsVisible = 0;
		};
/* End XCConfigurationList section */
	};
	rootObject = B9E6E3341D59D018004C957B /* Project object */;
}
